
Microsoft Visual Studio Solution File, Format Version 12.00
# Visual Studio Version 17
VisualStudioVersion = 17.7.34031.279
MinimumVisualStudioVersion = 10.0.40219.1
Project("{FAE04EC0-301F-11D3-BF4B-00C04F79EFBC}") = "laba2task1", "laba2task1\laba2task1.csproj", "{1A47EA94-743E-4792-89AB-ACE861C9ABED}"
EndProject
Global
	GlobalSection(SolutionConfigurationPlatforms) = preSolution
		Debug|Any CPU = Debug|Any CPU
		Release|Any CPU = Release|Any CPU
	EndGlobalSection
	GlobalSection(ProjectConfigurationPlatforms) = postSolution
		{1A47EA94-743E-4792-89AB-ACE861C9ABED}.Debug|Any CPU.ActiveCfg = Debug|Any CPU
		{1A47EA94-743E-4792-89AB-ACE861C9ABED}.Debug|Any CPU.Build.0 = Debug|Any CPU
		{1A47EA94-743E-4792-89AB-ACE861C9ABED}.Release|Any CPU.ActiveCfg = Release|Any CPU
		{1A47EA94-743E-4792-89AB-ACE861C9ABED}.Release|Any CPU.Build.0 = Release|Any CPU
	EndGlobalSection
	GlobalSection(SolutionProperties) = preSolution
		HideSolutionNode = FALSE
	EndGlobalSection
	GlobalSection(ExtensibilityGlobals) = postSolution
		SolutionGuid = {4C927DBA-D694-4498-9265-1612AAE8826B}
	EndGlobalSection
EndGlobal
